PODS:
  - CocoaAsyncSocket (7.6.5)
  - FlutterMacOS (1.0.0)
  - patrol (0.0.1):
    - CocoaAsyncSocket (~> 7.6)
    - Flutter
    - FlutterMacOS

DEPENDENCIES:
  - FlutterMacOS (from `Flutter/ephemeral`)
  - patrol (from `Flutter/ephemeral/.symlinks/plugins/patrol/darwin`)

SPEC REPOS:
  trunk:
    - CocoaAsyncSocket

EXTERNAL SOURCES:
  FlutterMacOS:
    :path: Flutter/ephemeral
  patrol:
    :path: Flutter/ephemeral/.symlinks/plugins/patrol/darwin

SPEC CHECKSUMS:
  CocoaAsyncSocket: 065fd1e645c7abab64f7a6a2007a48038fdc6a99
  FlutterMacOS: d0db08ddef1a9af05a5ec4b724367152bb0500b1
  patrol: cea8074f183a2a4232d0ebd10569ae05149ada42

PODFILE CHECKSUM: bd6842df0dd91920553fbfacd50c921f7e63a62f

COCOAPODS: 1.16.2
